// !$*UTF8*$!
{
	archiveVersion = 1;
	classes = {
	};
	objectVersion = 46;
	objects = {

/* Begin PBXBuildFile section */
		90161E8F19C2CAD1004F73A1 /* MovieCardTableViewCell.swift in Sources */ = {isa = PBXBuildFile; fileRef = 90161E8E19C2CAD1004F73A1 /* MovieCardTableViewCell.swift */; };
		901D913719C14811009CE8AB /* AppDelegate.swift in Sources */ = {isa = PBXBuildFile; fileRef = 901D913619C14811009CE8AB /* AppDelegate.swift */; };
		901D913919C14811009CE8AB /* ViewController.swift in Sources */ = {isa = PBXBuildFile; fileRef = 901D913819C14811009CE8AB /* ViewController.swift */; };
		901D913C19C14811009CE8AB /* Main.storyboard in Resources */ = {isa = PBXBuildFile; fileRef = 901D913A19C14811009CE8AB /* Main.storyboard */; };
		901D913E19C14811009CE8AB /* Images.xcassets in Resources */ = {isa = PBXBuildFile; fileRef = 901D913D19C14811009CE8AB /* Images.xcassets */; };
		901D914A19C14811009CE8AB /* rottenTests.swift in Sources */ = {isa = PBXBuildFile; fileRef = 901D914919C14811009CE8AB /* rottenTests.swift */; };
		901D915419C149AF009CE8AB /* MoviesViewController.swift in Sources */ = {isa = PBXBuildFile; fileRef = 901D915319C149AF009CE8AB /* MoviesViewController.swift */; };
		CC197892F8254943891BB0DA /* libPods.a in Frameworks */ = {isa = PBXBuildFile; fileRef = 567142949FF64EF2B091E754 /* libPods.a */; };
/* End PBXBuildFile section */

/* Begin PBXContainerItemProxy section */
		901D914419C14811009CE8AB /* PBXContainerItemProxy */ = {
			isa = PBXContainerItemProxy;
			containerPortal = 901D912919C14810009CE8AB /* Project object */;
			proxyType = 1;
			remoteGlobalIDString = 901D913019C14810009CE8AB;
			remoteInfo = rotten;
		};
/* End PBXContainerItemProxy section */

/* Begin PBXFileReference section */
		184EF335F84848408E7EA93C /* Pods.xcconfig */ = {isa = PBXFileReference; includeInIndex = 1; lastKnownFileType = text.xcconfig; name = Pods.xcconfig; path = Pods/Pods.xcconfig; sourceTree = "<group>"; };
		567142949FF64EF2B091E754 /* libPods.a */ = {isa = PBXFileReference; explicitFileType = archive.ar; includeInIndex = 0; path = libPods.a; sourceTree = BUILT_PRODUCTS_DIR; };
		90161E8E19C2CAD1004F73A1 /* MovieCardTableViewCell.swift */ = {isa = PBXFileReference; fileEncoding = 4; lastKnownFileType = sourcecode.swift; path = MovieCardTableViewCell.swift; sourceTree = "<group>"; };
		90161E9019C2DD4A004F73A1 /* rotten-Bridging-Header.h */ = {isa = PBXFileReference; lastKnownFileType = sourcecode.c.h; path = "rotten-Bridging-Header.h"; sourceTree = "<group>"; };
		901D913119C14811009CE8AB /* rotten.app */ = {isa = PBXFileReference; explicitFileType = wrapper.application; includeInIndex = 0; path = rotten.app; sourceTree = BUILT_PRODUCTS_DIR; };
		901D913519C14811009CE8AB /* Info.plist */ = {isa = PBXFileReference; lastKnownFileType = text.plist.xml; path = Info.plist; sourceTree = "<group>"; };
		901D913619C14811009CE8AB /* AppDelegate.swift */ = {isa = PBXFileReference; lastKnownFileType = sourcecode.swift; path = AppDelegate.swift; sourceTree = "<group>"; };
		901D913819C14811009CE8AB /* ViewController.swift */ = {isa = PBXFileReference; lastKnownFileType = sourcecode.swift; path = ViewController.swift; sourceTree = "<group>"; };
		901D913B19C14811009CE8AB /* Base */ = {isa = PBXFileReference; lastKnownFileType = file.storyboard; name = Base; path = Base.lproj/Main.storyboard; sourceTree = "<group>"; };
		901D913D19C14811009CE8AB /* Images.xcassets */ = {isa = PBXFileReference; lastKnownFileType = folder.assetcatalog; path = Images.xcassets; sourceTree = "<group>"; };
		901D914319C14811009CE8AB /* rottenTests.xctest */ = {isa = PBXFileReference; explicitFileType = wrapper.cfbundle; includeInIndex = 0; path = rottenTests.xctest; sourceTree = BUILT_PRODUCTS_DIR; };
		901D914819C14811009CE8AB /* Info.plist */ = {isa = PBXFileReference; lastKnownFileType = text.plist.xml; path = Info.plist; sourceTree = "<group>"; };
		901D914919C14811009CE8AB /* rottenTests.swift */ = {isa = PBXFileReference; lastKnownFileType = sourcecode.swift; path = rottenTests.swift; sourceTree = "<group>"; };
		901D915319C149AF009CE8AB /* MoviesViewController.swift */ = {isa = PBXFileReference; fileEncoding = 4; lastKnownFileType = sourcecode.swift; path = MoviesViewController.swift; sourceTree = "<group>"; };
/* End PBXFileReference section */

/* Begin PBXFrameworksBuildPhase section */
		901D912E19C14810009CE8AB /* Frameworks */ = {
			isa = PBXFrameworksBuildPhase;
			buildActionMask = 2147483647;
			files = (
				CC197892F8254943891BB0DA /* libPods.a in Frameworks */,
			);
			runOnlyForDeploymentPostprocessing = 0;
		};
		901D914019C14811009CE8AB /* Frameworks */ = {
			isa = PBXFrameworksBuildPhase;
			buildActionMask = 2147483647;
			files = (
			);
			runOnlyForDeploymentPostprocessing = 0;
		};
/* End PBXFrameworksBuildPhase section */

/* Begin PBXGroup section */
		4D910ADE860745249EB0F084 /* Frameworks */ = {
			isa = PBXGroup;
			children = (
				567142949FF64EF2B091E754 /* libPods.a */,
			);
			name = Frameworks;
			sourceTree = "<group>";
		};
		901D912819C14810009CE8AB = {
			isa = PBXGroup;
			children = (
				901D913319C14811009CE8AB /* rotten */,
				901D914619C14811009CE8AB /* rottenTests */,
				901D913219C14811009CE8AB /* Products */,
				184EF335F84848408E7EA93C /* Pods.xcconfig */,
				4D910ADE860745249EB0F084 /* Frameworks */,
			);
			sourceTree = "<group>";
		};
		901D913219C14811009CE8AB /* Products */ = {
			isa = PBXGroup;
			children = (
				901D913119C14811009CE8AB /* rotten.app */,
				901D914319C14811009CE8AB /* rottenTests.xctest */,
			);
			name = Products;
			sourceTree = "<group>";
		};
		901D913319C14811009CE8AB /* rotten */ = {
			isa = PBXGroup;
			children = (
				901D915319C149AF009CE8AB /* MoviesViewController.swift */,
				901D913619C14811009CE8AB /* AppDelegate.swift */,
				901D913819C14811009CE8AB /* ViewController.swift */,
				901D913A19C14811009CE8AB /* Main.storyboard */,
				901D913D19C14811009CE8AB /* Images.xcassets */,
				901D913419C14811009CE8AB /* Supporting Files */,
				90161E8E19C2CAD1004F73A1 /* MovieCardTableViewCell.swift */,
				90161E9019C2DD4A004F73A1 /* rotten-Bridging-Header.h */,
			);
			path = rotten;
			sourceTree = "<group>";
		};
		901D913419C14811009CE8AB /* Supporting Files */ = {
			isa = PBXGroup;
			children = (
				901D913519C14811009CE8AB /* Info.plist */,
			);
			name = "Supporting Files";
			sourceTree = "<group>";
		};
		901D914619C14811009CE8AB /* rottenTests */ = {
			isa = PBXGroup;
			children = (
				901D914919C14811009CE8AB /* rottenTests.swift */,
				901D914719C14811009CE8AB /* Supporting Files */,
			);
			path = rottenTests;
			sourceTree = "<group>";
		};
		901D914719C14811009CE8AB /* Supporting Files */ = {
			isa = PBXGroup;
			children = (
				901D914819C14811009CE8AB /* Info.plist */,
			);
			name = "Supporting Files";
			sourceTree = "<group>";
		};
/* End PBXGroup section */

/* Begin PBXNativeTarget section */
		901D913019C14810009CE8AB /* rotten */ = {
			isa = PBXNativeTarget;
			buildConfigurationList = 901D914D19C14811009CE8AB /* Build configuration list for PBXNativeTarget "rotten" */;
			buildPhases = (
				A80B11B929594158861D3ABF /* Check Pods Manifest.lock */,
				901D912D19C14810009CE8AB /* Sources */,
				901D912E19C14810009CE8AB /* Frameworks */,
				901D912F19C14810009CE8AB /* Resources */,
				78BCCA9D0B9446C794D36378 /* Copy Pods Resources */,
			);
			buildRules = (
			);
			dependencies = (
			);
			name = rotten;
			productName = rotten;
			productReference = 901D913119C14811009CE8AB /* rotten.app */;
			productType = "com.apple.product-type.application";
		};
		901D914219C14811009CE8AB /* rottenTests */ = {
			isa = PBXNativeTarget;
			buildConfigurationList = 901D915019C14811009CE8AB /* Build configuration list for PBXNativeTarget "rottenTests" */;
			buildPhases = (
				901D913F19C14811009CE8AB /* Sources */,
				901D914019C14811009CE8AB /* Frameworks */,
				901D914119C14811009CE8AB /* Resources */,
			);
			buildRules = (
			);
			dependencies = (
				901D914519C14811009CE8AB /* PBXTargetDependency */,
			);
			name = rottenTests;
			productName = rottenTests;
			productReference = 901D914319C14811009CE8AB /* rottenTests.xctest */;
			productType = "com.apple.product-type.bundle.unit-test";
		};
/* End PBXNativeTarget section */

/* Begin PBXProject section */
		901D912919C14810009CE8AB /* Project object */ = {
			isa = PBXProject;
			attributes = {
				LastUpgradeCheck = 0600;
				ORGANIZATIONNAME = GoliaMania;
				TargetAttributes = {
					901D913019C14810009CE8AB = {
						CreatedOnToolsVersion = 6.0;
					};
					901D914219C14811009CE8AB = {
						CreatedOnToolsVersion = 6.0;
						TestTargetID = 901D913019C14810009CE8AB;
					};
				};
			};
			buildConfigurationList = 901D912C19C14810009CE8AB /* Build configuration list for PBXProject "rotten" */;
			compatibilityVersion = "Xcode 3.2";
			developmentRegion = English;
			hasScannedForEncodings = 0;
			knownRegions = (
				en,
				Base,
			);
			mainGroup = 901D912819C14810009CE8AB;
			productRefGroup = 901D913219C14811009CE8AB /* Products */;
			projectDirPath = "";
			projectRoot = "";
			targets = (
				901D913019C14810009CE8AB /* rotten */,
				901D914219C14811009CE8AB /* rottenTests */,
			);
		};
/* End PBXProject section */

/* Begin PBXResourcesBuildPhase section */
		901D912F19C14810009CE8AB /* Resources */ = {
			isa = PBXResourcesBuildPhase;
			buildActionMask = 2147483647;
			files = (
				901D913C19C14811009CE8AB /* Main.storyboard in Resources */,
				901D913E19C14811009CE8AB /* Images.xcassets in Resources */,
			);
			runOnlyForDeploymentPostprocessing = 0;
		};
		901D914119C14811009CE8AB /* Resources */ = {
			isa = PBXResourcesBuildPhase;
			buildActionMask = 2147483647;
			files = (
			);
			runOnlyForDeploymentPostprocessing = 0;
		};
/* End PBXResourcesBuildPhase section */

/* Begin PBXShellScriptBuildPhase section */
		78BCCA9D0B9446C794D36378 /* Copy Pods Resources */ = {
			isa = PBXShellScriptBuildPhase;
			buildActionMask = 2147483647;
			files = (
			);
			inputPaths = (
			);
			name = "Copy Pods Resources";
			outputPaths = (
			);
			runOnlyForDeploymentPostprocessing = 0;
			shellPath = /bin/sh;
			shellScript = "\"${SRCROOT}/Pods/Pods-resources.sh\"\n";
			showEnvVarsInLog = 0;
		};
		A80B11B929594158861D3ABF /* Check Pods Manifest.lock */ = {
			isa = PBXShellScriptBuildPhase;
			buildActionMask = 2147483647;
			files = (
			);
			inputPaths = (
			);
			name = "Check Pods Manifest.lock";
			outputPaths = (
			);
			runOnlyForDeploymentPostprocessing = 0;
			shellPath = /bin/sh;
			shellScript = "diff \"${PODS_ROOT}/../Podfile.lock\" \"${PODS_ROOT}/Manifest.lock\" > /dev/null\nif [[ $? != 0 ]] ; then\n    cat << EOM\nerror: The sandbox is not in sync with the Podfile.lock. Run 'pod install' or update your CocoaPods installation.\nEOM\n    exit 1\nfi\n";
			showEnvVarsInLog = 0;
		};
/* End PBXShellScriptBuildPhase section */

/* Begin PBXSourcesBuildPhase section */
		901D912D19C14810009CE8AB /* Sources */ = {
			isa = PBXSourcesBuildPhase;
			buildActionMask = 2147483647;
			files = (
				90161E8F19C2CAD1004F73A1 /* MovieCardTableViewCell.swift in Sources */,
				901D913919C14811009CE8AB /* ViewController.swift in Sources */,
				901D913719C14811009CE8AB /* AppDelegate.swift in Sources */,
				901D915419C149AF009CE8AB /* MoviesViewController.swift in Sources */,
			);
			runOnlyForDeploymentPostprocessing = 0;
		};
		901D913F19C14811009CE8AB /* Sources */ = {
			isa = PBXSourcesBuildPhase;
			buildActionMask = 2147483647;
			files = (
				901D914A19C14811009CE8AB /* rottenTests.swift in Sources */,
			);
			runOnlyForDeploymentPostprocessing = 0;
		};
/* End PBXSourcesBuildPhase section */

/* Begin PBXTargetDependency section */
		901D914519C14811009CE8AB /* PBXTargetDependency */ = {
			isa = PBXTargetDependency;
			target = 901D913019C14810009CE8AB /* rotten */;
			targetProxy = 901D914419C14811009CE8AB /* PBXContainerItemProxy */;
		};
/* End PBXTargetDependency section */

/* Begin PBXVariantGroup section */
		901D913A19C14811009CE8AB /* Main.storyboard */ = {
			isa = PBXVariantGroup;
			children = (
				901D913B19C14811009CE8AB /* Base */,
			);
			name = Main.storyboard;
			sourceTree = "<group>";
		};
/* End PBXVariantGroup section */

/* Begin XCBuildConfiguration section */
		901D914B19C14811009CE8AB /* Debug */ = {
			isa = XCBuildConfiguration;
			buildSettings = {
				ALWAYS_SEARCH_USER_PATHS = NO;
				CLANG_CXX_LANGUAGE_STANDARD = "gnu++0x";
				CLANG_CXX_LIBRARY = "libc++";
				CLANG_ENABLE_MODULES = YES;
				CLANG_ENABLE_OBJC_ARC = YES;
				CLANG_WARN_BOOL_CONVERSION = YES;
				CLANG_WARN_CONSTANT_CONVERSION = YES;
				CLANG_WARN_DIRECT_OBJC_ISA_USAGE = YES_ERROR;
				CLANG_WARN_EMPTY_BODY = YES;
				CLANG_WARN_ENUM_CONVERSION = YES;
				CLANG_WARN_INT_CONVERSION = YES;
				CLANG_WARN_OBJC_ROOT_CLASS = YES_ERROR;
				CLANG_WARN_UNREACHABLE_CODE = YES;
				CLANG_WARN__DUPLICATE_METHOD_MATCH = YES;
				"CODE_SIGN_IDENTITY[sdk=iphoneos*]" = "iPhone Developer";
				COPY_PHASE_STRIP = NO;
				ENABLE_STRICT_OBJC_MSGSEND = YES;
				GCC_C_LANGUAGE_STANDARD = gnu99;
				GCC_DYNAMIC_NO_PIC = NO;
				GCC_OPTIMIZATION_LEVEL = 0;
				GCC_PREPROCESSOR_DEFINITIONS = (
					"DEBUG=1",
					"$(inherited)",
				);
				GCC_SYMBOLS_PRIVATE_EXTERN = NO;
				GCC_WARN_64_TO_32_BIT_CONVERSION = YES;
				GCC_WARN_ABOUT_RETURN_TYPE = YES_ERROR;
				GCC_WARN_UNDECLARED_SELECTOR = YES;
				GCC_WARN_UNINITIALIZED_AUTOS = YES_AGGRESSIVE;
				GCC_WARN_UNUSED_FUNCTION = YES;
				GCC_WARN_UNUSED_VARIABLE = YES;
				IPHONEOS_DEPLOYMENT_TARGET = 8.0;
				MTL_ENABLE_DEBUG_INFO = YES;
				ONLY_ACTIVE_ARCH = YES;
				SDKROOT = iphoneos;
				SWIFT_OPTIMIZATION_LEVEL = "-Onone";
			};
			name = Debug;
		};
		901D914C19C14811009CE8AB /* Release */ = {
			isa = XCBuildConfiguration;
			buildSettings = {
				ALWAYS_SEARCH_USER_PATHS = NO;
				CLANG_CXX_LANGUAGE_STANDARD = "gnu++0x";
				CLANG_CXX_LIBRARY = "libc++";
				CLANG_ENABLE_MODULES = YES;
				CLANG_ENABLE_OBJC_ARC = YES;
				CLANG_WARN_BOOL_CONVERSION = YES;
				CLANG_WARN_CONSTANT_CONVERSION = YES;
				CLANG_WARN_DIRECT_OBJC_ISA_USAGE = YES_ERROR;
				CLANG_WARN_EMPTY_BODY = YES;
				CLANG_WARN_ENUM_CONVERSION = YES;
				CLANG_WARN_INT_CONVERSION = YES;
				CLANG_WARN_OBJC_ROOT_CLASS = YES_ERROR;
				CLANG_WARN_UNREACHABLE_CODE = YES;
				CLANG_WARN__DUPLICATE_METHOD_MATCH = YES;
				"CODE_SIGN_IDENTITY[sdk=iphoneos*]" = "iPhone Developer";
				COPY_PHASE_STRIP = YES;
				ENABLE_NS_ASSERTIONS = NO;
				ENABLE_STRICT_OBJC_MSGSEND = YES;
				GCC_C_LANGUAGE_STANDARD = gnu99;
				GCC_WARN_64_TO_32_BIT_CONVERSION = YES;
				GCC_WARN_ABOUT_RETURN_TYPE = YES_ERROR;
				GCC_WARN_UNDECLARED_SELECTOR = YES;
				GCC_WARN_UNINITIALIZED_AUTOS = YES_AGGRESSIVE;
				GCC_WARN_UNUSED_FUNCTION = YES;
				GCC_WARN_UNUSED_VARIABLE = YES;
				IPHONEOS_DEPLOYMENT_TARGET = 8.0;
				MTL_ENABLE_DEBUG_INFO = NO;
				SDKROOT = iphoneos;
				VALIDATE_PRODUCT = YES;
			};
			name = Release;
		};
		901D914E19C14811009CE8AB /* Debug */ = {
			isa = XCBuildConfiguration;
			baseConfigurationReference = 184EF335F84848408E7EA93C /* Pods.xcconfig */;
			buildSettings = {
				ASSETCATALOG_COMPILER_APPICON_NAME = AppIcon;
				ASSETCATALOG_COMPILER_LAUNCHIMAGE_NAME = LaunchImage;
				CLANG_ENABLE_MODULES = YES;
				INFOPLIST_FILE = rotten/Info.plist;
				LD_RUNPATH_SEARCH_PATHS = "$(inherited) @executable_path/Frameworks";
				PRODUCT_NAME = "$(TARGET_NAME)";
				SWIFT_OBJC_BRIDGING_HEADER = "rotten/rotten-Bridging-Header.h";
				SWIFT_OPTIMIZATION_LEVEL = "-Onone";
			};
			name = Debug;
		};
		901D914F19C14811009CE8AB /* Release */ = {
			isa = XCBuildConfiguration;
			baseConfigurationReference = 184EF335F84848408E7EA93C /* Pods.xcconfig */;
			buildSettings = {
				ASSETCATALOG_COMPILER_APPICON_NAME = AppIcon;
				ASSETCATALOG_COMPILER_LAUNCHIMAGE_NAME = LaunchImage;
				CLANG_ENABLE_MODULES = YES;
				INFOPLIST_FILE = rotten/Info.plist;
				LD_RUNPATH_SEARCH_PATHS = "$(inherited) @executable_path/Frameworks";
				PRODUCT_NAME = "$(TARGET_NAME)";
				SWIFT_OBJC_BRIDGING_HEADER = "rotten/rotten-Bridging-Header.h";
			};
			name = Release;
		};
		901D915119C14811009CE8AB /* Debug */ = {
			isa = XCBuildConfiguration;
			buildSettings = {
				BUNDLE_LOADER = "$(TEST_HOST)";
				FRAMEWORK_SEARCH_PATHS = (
					"$(SDKROOT)/Developer/Library/Frameworks",
					"$(inherited)",
				);
				GCC_PREPROCESSOR_DEFINITIONS = (
					"DEBUG=1",
					"$(inherited)",
				);
				INFOPLIST_FILE = rottenTests/Info.plist;
				LD_RUNPATH_SEARCH_PATHS = "$(inherited) @executable_path/Frameworks @loader_path/Frameworks";
				PRODUCT_NAME = "$(TARGET_NAME)";
				TEST_HOST = "$(BUILT_PRODUCTS_DIR)/rotten.app/rotten";
			};
			name = Debug;
		};
		901D915219C14811009CE8AB /* Release */ = {
			isa = XCBuildConfiguration;
			buildSettings = {
				BUNDLE_LOADER = "$(TEST_HOST)";
				FRAMEWORK_SEARCH_PATHS = (
					"$(SDKROOT)/Developer/Library/Frameworks",
					"$(inherited)",
				);
				INFOPLIST_FILE = rottenTests/Info.plist;
				LD_RUNPATH_SEARCH_PATHS = "$(inherited) @executable_path/Frameworks @loader_path/Frameworks";
				PRODUCT_NAME = "$(TARGET_NAME)";
				TEST_HOST = "$(BUILT_PRODUCTS_DIR)/rotten.app/rotten";
			};
			name = Release;
		};
/* End XCBuildConfiguration section */

/* Begin XCConfigurationList section */
		901D912C19C14810009CE8AB /* Build configuration list for PBXProject "rotten" */ = {
			isa = XCConfigurationList;
			buildConfigurations = (
				901D914B19C14811009CE8AB /* Debug */,
				901D914C19C14811009CE8AB /* Release */,
			);
			defaultConfigurationIsVisible = 0;
			defaultConfigurationName = Release;
		};
		901D914D19C14811009CE8AB /* Build configuration list for PBXNativeTarget "rotten" */ = {
			isa = XCConfigurationList;
			buildConfigurations = (
				901D914E19C14811009CE8AB /* Debug */,
				901D914F19C14811009CE8AB /* Release */,
			);
			defaultConfigurationIsVisible = 0;
			defaultConfigurationName = Release;
		};
		901D915019C14811009CE8AB /* Build configuration list for PBXNativeTarget "rottenTests" */ = {
			isa = XCConfigurationList;
			buildConfigurations = (
				901D915119C14811009CE8AB /* Debug */,
				901D915219C14811009CE8AB /* Release */,
			);
			defaultConfigurationIsVisible = 0;
			defaultConfigurationName = Release;
		};
/* End XCConfigurationList section */
	};
	rootObject = 901D912919C14810009CE8AB /* Project object */;
}
